
Microsoft Visual Studio Solution File, Format Version 11.00
# Visual Studio 2010
Project("{8BC9CEB8-8B4A-11D0-8D11-00A0C91BC942}") = "gifti", "gifti\gifti.vcxproj", "{715247ED-D465-4E14-A9DA-CED7BEEB5BF7}"
EndProject
Project("{8BC9CEB8-8B4A-11D0-8D11-00A0C91BC942}") = "nifti", "nifti\nifti.vcxproj", "{6A6BC8A5-A9F7-4E54-B15F-3FA4D1FE3C13}"
EndProject
Project("{8BC9CEB8-8B4A-11D0-8D11-00A0C91BC942}") = "util", "util\util.vcxproj", "{EC5C2B9B-5375-443E-B168-8A44ECA3053B}"
EndProject
Project("{8BC9CEB8-8B4A-11D0-8D11-00A0C91BC942}") = "Opcode", "opcode\Opcode.vcxproj", "{9D6559BD-F5B8-4654-B3BA-263B721C4FD4}"
EndProject
Project("{8BC9CEB8-8B4A-11D0-8D11-00A0C91BC942}") = "WIT", "..\..\wit\WIT.vcxproj", "{FCE9CA19-BA11-4F72-95CD-10630899A085}"
EndProject
Global
	GlobalSection(SolutionConfigurationPlatforms) = preSolution
		Debug|Win32 = Debug|Win32
		Release|Win32 = Release|Win32
	EndGlobalSection
	GlobalSection(ProjectConfigurationPlatforms) = postSolution
		{715247ED-D465-4E14-A9DA-CED7BEEB5BF7}.Debug|Win32.ActiveCfg = Debug|Win32
		{715247ED-D465-4E14-A9DA-CED7BEEB5BF7}.Debug|Win32.Build.0 = Debug|Win32
		{715247ED-D465-4E14-A9DA-CED7BEEB5BF7}.Release|Win32.ActiveCfg = Release|Win32
		{715247ED-D465-4E14-A9DA-CED7BEEB5BF7}.Release|Win32.Build.0 = Release|Win32
		{6A6BC8A5-A9F7-4E54-B15F-3FA4D1FE3C13}.Debug|Win32.ActiveCfg = Debug|Win32
		{6A6BC8A5-A9F7-4E54-B15F-3FA4D1FE3C13}.Debug|Win32.Build.0 = Debug|Win32
		{6A6BC8A5-A9F7-4E54-B15F-3FA4D1FE3C13}.Release|Win32.ActiveCfg = Release|Win32
		{6A6BC8A5-A9F7-4E54-B15F-3FA4D1FE3C13}.Release|Win32.Build.0 = Release|Win32
		{EC5C2B9B-5375-443E-B168-8A44ECA3053B}.Debug|Win32.ActiveCfg = Debug|Win32
		{EC5C2B9B-5375-443E-B168-8A44ECA3053B}.Debug|Win32.Build.0 = Debug|Win32
		{EC5C2B9B-5375-443E-B168-8A44ECA3053B}.Release|Win32.ActiveCfg = Release|Win32
		{EC5C2B9B-5375-443E-B168-8A44ECA3053B}.Release|Win32.Build.0 = Release|Win32
		{9D6559BD-F5B8-4654-B3BA-263B721C4FD4}.Debug|Win32.ActiveCfg = Debug|Win32
		{9D6559BD-F5B8-4654-B3BA-263B721C4FD4}.Debug|Win32.Build.0 = Debug|Win32
		{9D6559BD-F5B8-4654-B3BA-263B721C4FD4}.Release|Win32.ActiveCfg = Release|Win32
		{9D6559BD-F5B8-4654-B3BA-263B721C4FD4}.Release|Win32.Build.0 = Release|Win32
		{FCE9CA19-BA11-4F72-95CD-10630899A085}.Debug|Win32.ActiveCfg = Debug|Win32
		{FCE9CA19-BA11-4F72-95CD-10630899A085}.Debug|Win32.Build.0 = Debug|Win32
		{FCE9CA19-BA11-4F72-95CD-10630899A085}.Release|Win32.ActiveCfg = Release|Win32
		{FCE9CA19-BA11-4F72-95CD-10630899A085}.Release|Win32.Build.0 = Release|Win32
	EndGlobalSection
	GlobalSection(SolutionProperties) = preSolution
		HideSolutionNode = FALSE
	EndGlobalSection
EndGlobal
