<?xml version="1.0" encoding="utf-8"?>
<Project ToolsVersion="4.0" xmlns="http://schemas.microsoft.com/developer/msbuild/2003">
  <ItemGroup>
    <Filter Include="Source Files">
      <UniqueIdentifier>{4FC737F1-C7A5-4376-A066-2A32D752A2FF}</UniqueIdentifier>
      <Extensions>cpp;cxx;c;def</Extensions>
    </Filter>
    <Filter Include="Header Files">
      <UniqueIdentifier>{93995380-89BD-4b04-88EB-625FBE52EBFB}</UniqueIdentifier>
      <Extensions>h</Extensions>
    </Filter>
    <Filter Include="Form Files">
      <UniqueIdentifier>{99349809-55BA-4b9d-BF79-8FDBB0286EB3}</UniqueIdentifier>
      <Extensions>ui</Extensions>
    </Filter>
    <Filter Include="Resource Files">
      <UniqueIdentifier>{D9D6E242-F8AF-46E4-B9FD-80ECBC20BA3E}</UniqueIdentifier>
      <Extensions>qrc;*</Extensions>
      <ParseFiles>false</ParseFiles>
    </Filter>
    <Filter Include="Generated Files">
      <UniqueIdentifier>{71ED8ED8-ACB9-4CE9-BBE1-E00B30144E11}</UniqueIdentifier>
      <Extensions>moc;h;cpp</Extensions>
      <SourceControlFiles>False</SourceControlFiles>
    </Filter>
    <Filter Include="Generated Files\Debug">
      <UniqueIdentifier>{2ccb2bbe-b3ee-4588-be9c-cd7beed7f773}</UniqueIdentifier>
      <Extensions>cpp;moc</Extensions>
      <SourceControlFiles>False</SourceControlFiles>
    </Filter>
    <Filter Include="Generated Files\Release">
      <UniqueIdentifier>{96d26526-ac02-42b6-a1dc-54ff7a74a3b0}</UniqueIdentifier>
      <Extensions>cpp;moc</Extensions>
      <SourceControlFiles>False</SourceControlFiles>
    </Filter>
  </ItemGroup>
  <ItemGroup>
    <ClCompile Include="src\View\WITMainWindow.cpp">
      <Filter>Source Files</Filter>
    </ClCompile>
    <ClCompile Include="src\main.cpp">
      <Filter>Source Files</Filter>
    </ClCompile>
    <ClCompile Include="src\View\Qt\QuadSplitter.cpp">
      <Filter>Source Files</Filter>
    </ClCompile>
    <ClCompile Include="GeneratedFiles\Debug\moc_QuadSplitterHandle.cpp">
      <Filter>Generated Files\Debug</Filter>
    </ClCompile>
    <ClCompile Include="GeneratedFiles\Release\moc_QuadSplitterHandle.cpp">
      <Filter>Generated Files\Release</Filter>
    </ClCompile>
    <ClCompile Include="src\View\Qt\QuadSplitterHandle.cpp">
      <Filter>Source Files</Filter>
    </ClCompile>
    <ClCompile Include="GeneratedFiles\Debug\moc_QuadSplit.cpp">
      <Filter>Generated Files\Debug</Filter>
    </ClCompile>
    <ClCompile Include="GeneratedFiles\Release\moc_QuadSplit.cpp">
      <Filter>Generated Files\Release</Filter>
    </ClCompile>
    <ClCompile Include="src\View\Qt\QuadSplit.cpp">
      <Filter>Source Files</Filter>
    </ClCompile>
    <ClCompile Include="GeneratedFiles\Debug\moc_WITVOIPanel.cpp">
      <Filter>Generated Files\Debug</Filter>
    </ClCompile>
    <ClCompile Include="GeneratedFiles\Release\moc_WITVOIPanel.cpp">
      <Filter>Generated Files\Release</Filter>
    </ClCompile>
    <ClCompile Include="GeneratedFiles\Debug\moc_WITStatsPanel.cpp">
      <Filter>Generated Files\Debug</Filter>
    </ClCompile>
    <ClCompile Include="GeneratedFiles\Release\moc_WITStatsPanel.cpp">
      <Filter>Generated Files\Release</Filter>
    </ClCompile>
    <ClCompile Include="GeneratedFiles\Debug\moc_WITGroupPanel.cpp">
      <Filter>Generated Files\Debug</Filter>
    </ClCompile>
    <ClCompile Include="GeneratedFiles\Release\moc_WITGroupPanel.cpp">
      <Filter>Generated Files\Release</Filter>
    </ClCompile>
    <ClCompile Include="src\View\WITGroupPanel.cpp">
      <Filter>Source Files</Filter>
    </ClCompile>
    <ClCompile Include="src\View\WITGroupButton.cpp">
      <Filter>Source Files</Filter>
    </ClCompile>
    <ClCompile Include="GeneratedFiles\Debug\moc_WITGroupButton.cpp">
      <Filter>Generated Files\Debug</Filter>
    </ClCompile>
    <ClCompile Include="GeneratedFiles\Release\moc_WITGroupButton.cpp">
      <Filter>Generated Files\Release</Filter>
    </ClCompile>
    <ClCompile Include="GeneratedFiles\Debug\moc_WITToolPanel.cpp">
      <Filter>Generated Files\Debug</Filter>
    </ClCompile>
    <ClCompile Include="GeneratedFiles\Release\moc_WITToolPanel.cpp">
      <Filter>Generated Files\Release</Filter>
    </ClCompile>
    <ClCompile Include="src\View\WITToolPanel.cpp">
      <Filter>Source Files</Filter>
    </ClCompile>
    <ClCompile Include="src\View\WITFrame.cpp">
      <Filter>Source Files</Filter>
    </ClCompile>
    <ClCompile Include="src\WITApplication.cpp">
      <Filter>Source Files</Filter>
    </ClCompile>
    <ClCompile Include="src\Controller\WITGroupPanelController.cpp">
      <Filter>Source Files</Filter>
    </ClCompile>
    <ClCompile Include="GeneratedFiles\Debug\moc_WITGroupPanelController.cpp">
      <Filter>Generated Files\Debug</Filter>
    </ClCompile>
    <ClCompile Include="GeneratedFiles\Release\moc_WITGroupPanelController.cpp">
      <Filter>Generated Files\Release</Filter>
    </ClCompile>
    <ClCompile Include="GeneratedFiles\Debug\moc_WITMainWindow.cpp">
      <Filter>Generated Files\Debug</Filter>
    </ClCompile>
    <ClCompile Include="GeneratedFiles\Release\moc_WITMainWindow.cpp">
      <Filter>Generated Files\Release</Filter>
    </ClCompile>
    <ClCompile Include="src\View\VTK\vtkFilledCaptionActor2D.cpp">
      <Filter>Source Files</Filter>
    </ClCompile>
    <ClCompile Include="src\Controller\WITFrameController.cpp">
      <Filter>Source Files</Filter>
    </ClCompile>
    <ClCompile Include="GeneratedFiles\Debug\moc_WITFrameController.cpp">
      <Filter>Generated Files\Debug</Filter>
    </ClCompile>
    <ClCompile Include="GeneratedFiles\Release\moc_WITFrameController.cpp">
      <Filter>Generated Files\Release</Filter>
    </ClCompile>
    <ClCompile Include="GeneratedFiles\Debug\moc_WITFrame.cpp">
      <Filter>Generated Files\Debug</Filter>
    </ClCompile>
    <ClCompile Include="GeneratedFiles\Release\moc_WITFrame.cpp">
      <Filter>Generated Files\Release</Filter>
    </ClCompile>
    <ClCompile Include="src\Controller\WITGestureController.cpp">
      <Filter>Source Files</Filter>
    </ClCompile>
    <ClCompile Include="src\View\VTK\vtkROI.cpp">
      <Filter>Source Files</Filter>
    </ClCompile>
    <ClCompile Include="src\Controller\vtkInteractorStyleWIT.cpp">
      <Filter>Source Files</Filter>
    </ClCompile>
    <ClCompile Include="GeneratedFiles\Debug\moc_WITVolumeViz.cpp">
      <Filter>Generated Files\Debug</Filter>
    </ClCompile>
    <ClCompile Include="GeneratedFiles\Release\moc_WITVolumeViz.cpp">
      <Filter>Generated Files\Release</Filter>
    </ClCompile>
    <ClCompile Include="GeneratedFiles\Debug\moc_PathwayController.cpp">
      <Filter>Generated Files\Debug</Filter>
    </ClCompile>
    <ClCompile Include="GeneratedFiles\Release\moc_PathwayController.cpp">
      <Filter>Generated Files\Release</Filter>
    </ClCompile>
    <ClCompile Include="src\Controller\PathwayController.cpp">
      <Filter>Source Files</Filter>
    </ClCompile>
    <ClCompile Include="src\Model\WITPathwayViz.cpp">
      <Filter>Source Files</Filter>
    </ClCompile>
    <ClCompile Include="GeneratedFiles\Debug\moc_WITMainWindowController.cpp">
      <Filter>Generated Files\Debug</Filter>
    </ClCompile>
    <ClCompile Include="GeneratedFiles\Release\moc_WITMainWindowController.cpp">
      <Filter>Generated Files\Release</Filter>
    </ClCompile>
    <ClCompile Include="src\Controller\WITMainWindowController.cpp">
      <Filter>Source Files</Filter>
    </ClCompile>
    <ClCompile Include="src\View\WITVolumeViz.cpp">
      <Filter>Source Files</Filter>
    </ClCompile>
    <ClCompile Include="src\Controller\SubjectDataController.cpp">
      <Filter>Source Files</Filter>
    </ClCompile>
    <ClCompile Include="GeneratedFiles\Debug\moc_SubjectDataController.cpp">
      <Filter>Generated Files\Debug</Filter>
    </ClCompile>
    <ClCompile Include="GeneratedFiles\Release\moc_SubjectDataController.cpp">
      <Filter>Generated Files\Release</Filter>
    </ClCompile>
    <ClCompile Include="src\Model\Undo\PathwayMemento.cpp">
      <Filter>Source Files</Filter>
    </ClCompile>
    <ClCompile Include="src\Model\Undo\UndoSystem.cpp">
      <Filter>Source Files</Filter>
    </ClCompile>
    <ClCompile Include="GeneratedFiles\Debug\moc_UndoSystem.cpp">
      <Filter>Generated Files\Debug</Filter>
    </ClCompile>
    <ClCompile Include="GeneratedFiles\Release\moc_UndoSystem.cpp">
      <Filter>Generated Files\Release</Filter>
    </ClCompile>
    <ClCompile Include="src\Model\Undo\CompleteMemento.cpp">
      <Filter>Source Files</Filter>
    </ClCompile>
    <ClCompile Include="GeneratedFiles\Debug\moc_vtkInteractorStyleWIT.cpp">
      <Filter>Generated Files\Debug</Filter>
    </ClCompile>
    <ClCompile Include="GeneratedFiles\Release\moc_vtkInteractorStyleWIT.cpp">
      <Filter>Generated Files\Release</Filter>
    </ClCompile>
  </ItemGroup>
  <ItemGroup>
    <CustomBuild Include="src\View\WITMainWindow.h">
      <Filter>Header Files</Filter>
    </CustomBuild>
    <CustomBuild Include="src\View\Qt\QuadSplitterHandle.h">
      <Filter>Header Files</Filter>
    </CustomBuild>
    <CustomBuild Include="src\View\Qt\QuadSplit.h">
      <Filter>Header Files</Filter>
    </CustomBuild>
    <CustomBuild Include="src\View\WITVOIPanel.h">
      <Filter>Header Files</Filter>
    </CustomBuild>
    <CustomBuild Include="src\View\WITStatsPanel.h">
      <Filter>Header Files</Filter>
    </CustomBuild>
    <CustomBuild Include="src\View\WITGroupPanel.h">
      <Filter>Header Files</Filter>
    </CustomBuild>
    <CustomBuild Include="src\View\WITGroupButton.h">
      <Filter>Header Files</Filter>
    </CustomBuild>
    <CustomBuild Include="src\View\WITToolPanel.h">
      <Filter>Header Files</Filter>
    </CustomBuild>
    <CustomBuild Include="src\Controller\WITGroupPanelController.h">
      <Filter>Header Files</Filter>
    </CustomBuild>
    <CustomBuild Include="src\Controller\WITFrameController.h">
      <Filter>Header Files</Filter>
    </CustomBuild>
    <CustomBuild Include="src\View\WITFrame.h">
      <Filter>Header Files</Filter>
    </CustomBuild>
    <CustomBuild Include="src\Controller\vtkInteractorStyleWIT.h">
      <Filter>Header Files</Filter>
    </CustomBuild>
    <CustomBuild Include="src\Controller\PathwayController.h">
      <Filter>Header Files</Filter>
    </CustomBuild>
    <CustomBuild Include="src\Controller\WITMainWindowController.h">
      <Filter>Header Files</Filter>
    </CustomBuild>
    <CustomBuild Include="src\View\WITVolumeViz.h">
      <Filter>Header Files</Filter>
    </CustomBuild>
    <CustomBuild Include="src\Controller\SubjectDataController.h">
      <Filter>Header Files</Filter>
    </CustomBuild>
    <CustomBuild Include="src\Model\Undo\UndoSystem.h">
      <Filter>Header Files</Filter>
    </CustomBuild>
    <CustomBuild Include="src\Controller\WITGestureController.h">
      <Filter>Header Files</Filter>
    </CustomBuild>
  </ItemGroup>
  <ItemGroup>
    <None Include="wit.pro" />
    <None Include="WIT.pri" />
  </ItemGroup>
  <ItemGroup>
    <ClInclude Include="src\View\Qt\QuadSplitter.h">
      <Filter>Header Files</Filter>
    </ClInclude>
    <ClInclude Include="src\Model\Undo\Memento.h">
      <Filter>Header Files</Filter>
    </ClInclude>
    <ClInclude Include="src\Model\Undo\VOIMemento.h">
      <Filter>Header Files</Filter>
    </ClInclude>
    <ClInclude Include="src\WITApplication.h">
      <Filter>Header Files</Filter>
    </ClInclude>
    <ClInclude Include="src\Model\Undo\VOICollectionMemento.h">
      <Filter>Header Files</Filter>
    </ClInclude>
    <ClInclude Include="src\Model\Undo\CompleteMemento.h">
      <Filter>Header Files</Filter>
    </ClInclude>
    <ClInclude Include="src\View\VTK\vtkFilledCaptionActor2D.h">
      <Filter>Header Files</Filter>
    </ClInclude>
    <ClInclude Include="src\WITTypedefs.h">
      <Filter>Header Files</Filter>
    </ClInclude>
    <ClInclude Include="src\WITUtils.h">
      <Filter>Header Files</Filter>
    </ClInclude>
    <ClInclude Include="src\View\VTK\vtkROI.h">
      <Filter>Header Files</Filter>
    </ClInclude>
    <ClInclude Include="src\Model\WITPathwayViz.h">
      <Filter>Header Files</Filter>
    </ClInclude>
    <ClInclude Include="src\Model\Undo\PathwayMemento.h">
      <Filter>Header Files</Filter>
    </ClInclude>
    <ClInclude Include="src\Test\UnitTests.h">
      <Filter>Header Files</Filter>
    </ClInclude>
  </ItemGroup>
</Project>